// !$*UTF8*$!
{
	archiveVersion = 1;
	classes = {
	};
	objectVersion = 46;
	objects = {

/* Begin PBXBuildFile section */
		00E356F31AD99517003FC87E /* KhawlaTests.m in Sources */ = {isa = PBXBuildFile; fileRef = 00E356F21AD99517003FC87E /* KhawlaTests.m */; };
		0290FCFBB03F4C5BA7F586FF /* Poppins-SemiBold.ttf in Resources */ = {isa = PBXBuildFile; fileRef = 369F3E3536384D669433C55E /* Poppins-SemiBold.ttf */; };
		085C083274A24743A51113B5 /* Rubik-Light.ttf in Resources */ = {isa = PBXBuildFile; fileRef = 75C4E7EABC4D4784B605C9F8 /* Rubik-Light.ttf */; };
		13B07FBC1A68108700A75B9A /* AppDelegate.m in Sources */ = {isa = PBXBuildFile; fileRef = 13B07FB01A68108700A75B9A /* AppDelegate.m */; };
		13B07FC11A68108700A75B9A /* main.m in Sources */ = {isa = PBXBuildFile; fileRef = 13B07FB71A68108700A75B9A /* main.m */; };
		3F79121FF485489D8D80C643 /* Cairo-ExtraLight.ttf in Resources */ = {isa = PBXBuildFile; fileRef = 84241CA9B67C4B818106D5A1 /* Cairo-ExtraLight.ttf */; };
		468171567DDA4E97B30E2783 /* Cairo-Black.ttf in Resources */ = {isa = PBXBuildFile; fileRef = 5B1890E7010949B482C08F2E /* Cairo-Black.ttf */; };
		491EF0ED571D44B0B3D5A2DC /* Muli.ttf in Resources */ = {isa = PBXBuildFile; fileRef = A1A106E072944A1B9AE31BDA /* Muli.ttf */; };
		603F05921AF5424583ABB770 /* Cairo-Regular.ttf in Resources */ = {isa = PBXBuildFile; fileRef = 3DEFFAF92CF94D20B49A2BAE /* Cairo-Regular.ttf */; };
		71B9B6C67E6C4744A98C100A /* Muli-Regular.ttf in Resources */ = {isa = PBXBuildFile; fileRef = EB9F1B61565B4FBE8E0B9AF6 /* Muli-Regular.ttf */; };
		8494860F2531DF390077BDC7 /* File.swift in Sources */ = {isa = PBXBuildFile; fileRef = 8494860E2531DF390077BDC7 /* File.swift */; };
		885F10FF2B0A4522AABE4466 /* Rubik-Bold.ttf in Resources */ = {isa = PBXBuildFile; fileRef = 0F4ADDE6BB1247C89B8FACDD /* Rubik-Bold.ttf */; };
		89953FE706AE411A82FB5848 /* Calibri.ttf in Resources */ = {isa = PBXBuildFile; fileRef = 61C88A15746941AB91802BB7 /* Calibri.ttf */; };
		8B273E7AE0038AE122B8C86B /* libPods-KhawlaTests.a in Frameworks */ = {isa = PBXBuildFile; fileRef = 3B5C3FB9C3B5CE982C21E54B /* libPods-KhawlaTests.a */; };
		8BDF6C4F38DD4637ABDD6289 /* calibrib.ttf in Resources */ = {isa = PBXBuildFile; fileRef = BEBCF4C9EB354C2A8737BA0B /* calibrib.ttf */; };
		91D1DC19B55F47C6905FFC7E /* Cairo-Bold.ttf in Resources */ = {isa = PBXBuildFile; fileRef = 09B18CFFBAAF48CEA7809B0B /* Cairo-Bold.ttf */; };
		9BE754696AA44C50BF24CE29 /* Cairo-Light.ttf in Resources */ = {isa = PBXBuildFile; fileRef = 7A08B30426B74531BDED6783 /* Cairo-Light.ttf */; };
		B4A7855F147D439CB47915B7 /* Rubik-Regular.ttf in Resources */ = {isa = PBXBuildFile; fileRef = F37693CED87246929D61B1D3 /* Rubik-Regular.ttf */; };
		BA8C617734AB4392AC1FD553 /* Muli-Bold.ttf in Resources */ = {isa = PBXBuildFile; fileRef = 41FBC6FB2908481B85D92769 /* Muli-Bold.ttf */; };
		CA448D8157EF4A03B196A5A4 /* Muli-Medium.ttf in Resources */ = {isa = PBXBuildFile; fileRef = 8146A0C2FF6E40EBA1AE423F /* Muli-Medium.ttf */; };
		CE0F773823ED261F00F11603 /* CloudKit.framework in Frameworks */ = {isa = PBXBuildFile; fileRef = CE0F773723ED261F00F11603 /* CloudKit.framework */; };
		CE2DEA6323D71470008F74CD /* AirbnbCereal-Medium.ttf in Resources */ = {isa = PBXBuildFile; fileRef = CE2DEA6223D71470008F74CD /* AirbnbCereal-Medium.ttf */; };
		CE3497F82407FB36002F453F /* GoogleService-Info.plist in Resources */ = {isa = PBXBuildFile; fileRef = CE3497F72407FB35002F453F /* GoogleService-Info.plist */; };
		CE4F9FAA24B2F951007B6146 /* NetworkExtension.framework in Frameworks */ = {isa = PBXBuildFile; fileRef = CE4F9FA924B2F951007B6146 /* NetworkExtension.framework */; };
		CE5D74D823D7111300F7667B /* Rubik-Medium.ttf in Resources */ = {isa = PBXBuildFile; fileRef = CE5D74D623D7111300F7667B /* Rubik-Medium.ttf */; };
		CE87957F9805432A86BDAD0D /* Mirza-Medium.ttf in Resources */ = {isa = PBXBuildFile; fileRef = AC74DEC8E4994FE0A3999136 /* Mirza-Medium.ttf */; };
		CECC634D23E5A79A00BB653D /* AirGoogleMaps in Resources */ = {isa = PBXBuildFile; fileRef = CECC634C23E5A79A00BB653D /* AirGoogleMaps */; };
		CEE51538247458DF000FBBE7 /* LaunchScreen.xib in Resources */ = {isa = PBXBuildFile; fileRef = CEE51536247458DF000FBBE7 /* LaunchScreen.xib */; };
		CEFEFC1A23EA80060067F6DB /* Images.xcassets in Resources */ = {isa = PBXBuildFile; fileRef = 13B07FB51A68108700A75B9A /* Images.xcassets */; };
		DAD5EF0C4BF3426E8D7B1E43 /* Rubik-Medium copy.ttf in Resources */ = {isa = PBXBuildFile; fileRef = E7050F8B2EB24C9593625BBB /* Rubik-Medium copy.ttf */; };
		F17D22B3B4A993CCAAE539D4 /* libPods-Khawla.a in Frameworks */ = {isa = PBXBuildFile; fileRef = A4CC1E3A93A3B7BF7B1D84DD /* libPods-Khawla.a */; };
		F1DD5DB80D624EEA8E35B822 /* Poppins-Medium.ttf in Resources */ = {isa = PBXBuildFile; fileRef = 9013D4A22DAB4F179506FD30 /* Poppins-Medium.ttf */; };
		F7501251CBCF430585AD8544 /* Cairo-SemiBold.ttf in Resources */ = {isa = PBXBuildFile; fileRef = A00F5AEF378246D790BF13AD /* Cairo-SemiBold.ttf */; };
		F8B87B45D5424C2680A96DD3 /* Muli-ExtraBold.ttf in Resources */ = {isa = PBXBuildFile; fileRef = 4DBB0F7BCAC14F3985AB3573 /* Muli-ExtraBold.ttf */; };
		FD7D35F8F793473F848E5213 /* Raleway-Medium.ttf in Resources */ = {isa = PBXBuildFile; fileRef = AD3964D9F84B423E9881BB69 /* Raleway-Medium.ttf */; };
/* End PBXBuildFile section */

/* Begin PBXContainerItemProxy section */
		00E356F41AD99517003FC87E /* PBXContainerItemProxy */ = {
			isa = PBXContainerItemProxy;
			containerPortal = 83CBB9F71A601CBA00E9B192 /* Project object */;
			proxyType = 1;
			remoteGlobalIDString = 13B07F861A680F5B00A75B9A;
			remoteInfo = Khawla;
		};
/* End PBXContainerItemProxy section */

/* Begin PBXFileReference section */
		008F07F21AC5B25A0029DE68 /* main.jsbundle */ = {isa = PBXFileReference; fileEncoding = 4; lastKnownFileType = text; path = main.jsbundle; sourceTree = "<group>"; };
		00E356EE1AD99517003FC87E /* KhawlaTests.xctest */ = {isa = PBXFileReference; explicitFileType = wrapper.cfbundle; includeInIndex = 0; path = KhawlaTests.xctest; sourceTree = BUILT_PRODUCTS_DIR; };
		00E356F11AD99517003FC87E /* Info.plist */ = {isa = PBXFileReference; lastKnownFileType = text.plist.xml; path = Info.plist; sourceTree = "<group>"; };
		00E356F21AD99517003FC87E /* KhawlaTests.m */ = {isa = PBXFileReference; lastKnownFileType = sourcecode.c.objc; path = KhawlaTests.m; sourceTree = "<group>"; };
		09B18CFFBAAF48CEA7809B0B /* Cairo-Bold.ttf */ = {isa = PBXFileReference; explicitFileType = undefined; fileEncoding = 9; includeInIndex = 0; lastKnownFileType = unknown; name = "Cairo-Bold.ttf"; path = "../assets/fonts/Cairo-Bold.ttf"; sourceTree = "<group>"; };
		0B2A847FB17E129CA23D0106 /* Pods-KhawlaTests.debug.xcconfig */ = {isa = PBXFileReference; includeInIndex = 1; lastKnownFileType = text.xcconfig; name = "Pods-KhawlaTests.debug.xcconfig"; path = "Target Support Files/Pods-KhawlaTests/Pods-KhawlaTests.debug.xcconfig"; sourceTree = "<group>"; };
		0F4ADDE6BB1247C89B8FACDD /* Rubik-Bold.ttf */ = {isa = PBXFileReference; explicitFileType = undefined; fileEncoding = 9; includeInIndex = 0; lastKnownFileType = unknown; name = "Rubik-Bold.ttf"; path = "../assets/fonts/Rubik-Bold.ttf"; sourceTree = "<group>"; };
		13B07F961A680F5B00A75B9A /* Khawla Foundation.app */ = {isa = PBXFileReference; explicitFileType = wrapper.application; includeInIndex = 0; path = "Khawla Foundation.app"; sourceTree = BUILT_PRODUCTS_DIR; };
		13B07FAF1A68108700A75B9A /* AppDelegate.h */ = {isa = PBXFileReference; fileEncoding = 4; lastKnownFileType = sourcecode.c.h; name = AppDelegate.h; path = Khawla/AppDelegate.h; sourceTree = "<group>"; };
		13B07FB01A68108700A75B9A /* AppDelegate.m */ = {isa = PBXFileReference; fileEncoding = 4; lastKnownFileType = sourcecode.c.objc; name = AppDelegate.m; path = Khawla/AppDelegate.m; sourceTree = "<group>"; };
		13B07FB51A68108700A75B9A /* Images.xcassets */ = {isa = PBXFileReference; lastKnownFileType = folder.assetcatalog; name = Images.xcassets; path = Khawla/Images.xcassets; sourceTree = "<group>"; };
		13B07FB61A68108700A75B9A /* Info.plist */ = {isa = PBXFileReference; fileEncoding = 4; lastKnownFileType = text.plist.xml; name = Info.plist; path = Khawla/Info.plist; sourceTree = "<group>"; };
		13B07FB71A68108700A75B9A /* main.m */ = {isa = PBXFileReference; fileEncoding = 4; lastKnownFileType = sourcecode.c.objc; name = main.m; path = Khawla/main.m; sourceTree = "<group>"; };
		16E0B72E1633D79A2BE68F0C /* Pods-Khawla.debug.xcconfig */ = {isa = PBXFileReference; includeInIndex = 1; lastKnownFileType = text.xcconfig; name = "Pods-Khawla.debug.xcconfig"; path = "Target Support Files/Pods-Khawla/Pods-Khawla.debug.xcconfig"; sourceTree = "<group>"; };
		3317F40A26C34595B10DF695 /* MaterialIcons.ttf */ = {isa = PBXFileReference; explicitFileType = undefined; fileEncoding = 9; includeInIndex = 0; lastKnownFileType = unknown; name = MaterialIcons.ttf; path = "../node_modules/react-native-vector-icons/Fonts/MaterialIcons.ttf"; sourceTree = "<group>"; };
		369F3E3536384D669433C55E /* Poppins-SemiBold.ttf */ = {isa = PBXFileReference; explicitFileType = undefined; fileEncoding = 9; includeInIndex = 0; lastKnownFileType = unknown; name = "Poppins-SemiBold.ttf"; path = "../assets/fonts/Poppins-SemiBold.ttf"; sourceTree = "<group>"; };
		38147F3F5C61A34791785ED0 /* libPods-Khawla-tvOSTests.a */ = {isa = PBXFileReference; explicitFileType = archive.ar; includeInIndex = 0; path = "libPods-Khawla-tvOSTests.a"; sourceTree = BUILT_PRODUCTS_DIR; };
		3B5C3FB9C3B5CE982C21E54B /* libPods-KhawlaTests.a */ = {isa = PBXFileReference; explicitFileType = archive.ar; includeInIndex = 0; path = "libPods-KhawlaTests.a"; sourceTree = BUILT_PRODUCTS_DIR; };
		3DEFFAF92CF94D20B49A2BAE /* Cairo-Regular.ttf */ = {isa = PBXFileReference; explicitFileType = undefined; fileEncoding = 9; includeInIndex = 0; lastKnownFileType = unknown; name = "Cairo-Regular.ttf"; path = "../assets/fonts/Cairo-Regular.ttf"; sourceTree = "<group>"; };
		41FBC6FB2908481B85D92769 /* Muli-Bold.ttf */ = {isa = PBXFileReference; explicitFileType = undefined; fileEncoding = 9; includeInIndex = 0; lastKnownFileType = unknown; name = "Muli-Bold.ttf"; path = "../assets/fonts/Muli-Bold.ttf"; sourceTree = "<group>"; };
		4263A5FCEE0143D4872DA7D5 /* SimpleLineIcons.ttf */ = {isa = PBXFileReference; explicitFileType = undefined; fileEncoding = 9; includeInIndex = 0; lastKnownFileType = unknown; name = SimpleLineIcons.ttf; path = "../node_modules/react-native-vector-icons/Fonts/SimpleLineIcons.ttf"; sourceTree = "<group>"; };
		447FAEDCA3084E738DD0807A /* Octicons.ttf */ = {isa = PBXFileReference; explicitFileType = undefined; fileEncoding = 9; includeInIndex = 0; lastKnownFileType = unknown; name = Octicons.ttf; path = "../node_modules/react-native-vector-icons/Fonts/Octicons.ttf"; sourceTree = "<group>"; };
		4539EC1AA4533F1C75CB72E8 /* Pods-Khawla.release.xcconfig */ = {isa = PBXFileReference; includeInIndex = 1; lastKnownFileType = text.xcconfig; name = "Pods-Khawla.release.xcconfig"; path = "Target Support Files/Pods-Khawla/Pods-Khawla.release.xcconfig"; sourceTree = "<group>"; };
		4DBB0F7BCAC14F3985AB3573 /* Muli-ExtraBold.ttf */ = {isa = PBXFileReference; explicitFileType = undefined; fileEncoding = 9; includeInIndex = 0; lastKnownFileType = unknown; name = "Muli-ExtraBold.ttf"; path = "../assets/fonts/Muli-ExtraBold.ttf"; sourceTree = "<group>"; };
		54BF148EE10B4B4AB66B7AD9 /* AntDesign.ttf */ = {isa = PBXFileReference; explicitFileType = undefined; fileEncoding = 9; includeInIndex = 0; lastKnownFileType = unknown; name = AntDesign.ttf; path = "../node_modules/react-native-vector-icons/Fonts/AntDesign.ttf"; sourceTree = "<group>"; };
		5B1890E7010949B482C08F2E /* Cairo-Black.ttf */ = {isa = PBXFileReference; explicitFileType = undefined; fileEncoding = 9; includeInIndex = 0; lastKnownFileType = unknown; name = "Cairo-Black.ttf"; path = "../assets/fonts/Cairo-Black.ttf"; sourceTree = "<group>"; };
		5BAB9498F2878892CA325AC9 /* libPods-Khawla-tvOS.a */ = {isa = PBXFileReference; explicitFileType = archive.ar; includeInIndex = 0; path = "libPods-Khawla-tvOS.a"; sourceTree = BUILT_PRODUCTS_DIR; };
		5D0421F5FA884C1D95CF1A0D /* Feather.ttf */ = {isa = PBXFileReference; explicitFileType = undefined; fileEncoding = 9; includeInIndex = 0; lastKnownFileType = unknown; name = Feather.ttf; path = "../node_modules/react-native-vector-icons/Fonts/Feather.ttf"; sourceTree = "<group>"; };
		61C88A15746941AB91802BB7 /* Calibri.ttf */ = {isa = PBXFileReference; explicitFileType = undefined; fileEncoding = 9; includeInIndex = 0; lastKnownFileType = unknown; name = Calibri.ttf; path = ../assets/fonts/Calibri.ttf; sourceTree = "<group>"; };
		67E8E412A2904AA381AC894A /* AirbnbCereal-Book.ttf */ = {isa = PBXFileReference; explicitFileType = undefined; fileEncoding = 9; includeInIndex = 0; lastKnownFileType = unknown; name = "AirbnbCereal-Book.ttf"; path = "../assets/fonts/AirbnbCereal-Book.ttf"; sourceTree = "<group>"; };
		719C1867983549B0B9616EA4 /* FontAwesome5_Solid.ttf */ = {isa = PBXFileReference; explicitFileType = undefined; fileEncoding = 9; includeInIndex = 0; lastKnownFileType = unknown; name = FontAwesome5_Solid.ttf; path = "../node_modules/react-native-vector-icons/Fonts/FontAwesome5_Solid.ttf"; sourceTree = "<group>"; };
		75C4E7EABC4D4784B605C9F8 /* Rubik-Light.ttf */ = {isa = PBXFileReference; explicitFileType = undefined; fileEncoding = 9; includeInIndex = 0; lastKnownFileType = unknown; name = "Rubik-Light.ttf"; path = "../assets/fonts/Rubik-Light.ttf"; sourceTree = "<group>"; };
		762D767123384815B7570F5C /* FontAwesome5_Brands.ttf */ = {isa = PBXFileReference; explicitFileType = undefined; fileEncoding = 9; includeInIndex = 0; lastKnownFileType = unknown; name = FontAwesome5_Brands.ttf; path = "../node_modules/react-native-vector-icons/Fonts/FontAwesome5_Brands.ttf"; sourceTree = "<group>"; };
		7A08B30426B74531BDED6783 /* Cairo-Light.ttf */ = {isa = PBXFileReference; explicitFileType = undefined; fileEncoding = 9; includeInIndex = 0; lastKnownFileType = unknown; name = "Cairo-Light.ttf"; path = "../assets/fonts/Cairo-Light.ttf"; sourceTree = "<group>"; };
		7C2BED8C76EC4E21A5165154 /* AirbnbCereal-Medium.ttf */ = {isa = PBXFileReference; explicitFileType = undefined; fileEncoding = 9; includeInIndex = 0; lastKnownFileType = unknown; name = "AirbnbCereal-Medium.ttf"; path = "../assets/fonts/AirbnbCereal-Medium.ttf"; sourceTree = "<group>"; };
		8146A0C2FF6E40EBA1AE423F /* Muli-Medium.ttf */ = {isa = PBXFileReference; explicitFileType = undefined; fileEncoding = 9; includeInIndex = 0; lastKnownFileType = unknown; name = "Muli-Medium.ttf"; path = "../assets/fonts/Muli-Medium.ttf"; sourceTree = "<group>"; };
		84241CA9B67C4B818106D5A1 /* Cairo-ExtraLight.ttf */ = {isa = PBXFileReference; explicitFileType = undefined; fileEncoding = 9; includeInIndex = 0; lastKnownFileType = unknown; name = "Cairo-ExtraLight.ttf"; path = "../assets/fonts/Cairo-ExtraLight.ttf"; sourceTree = "<group>"; };
		8494860D2531DF390077BDC7 /* Khawla-Bridging-Header.h */ = {isa = PBXFileReference; lastKnownFileType = sourcecode.c.h; path = "Khawla-Bridging-Header.h"; sourceTree = "<group>"; };
		8494860E2531DF390077BDC7 /* File.swift */ = {isa = PBXFileReference; lastKnownFileType = sourcecode.swift; path = File.swift; sourceTree = "<group>"; };
		8FC9BA930CEE402ABA01D0C0 /* Rubik-Medium.ttf */ = {isa = PBXFileReference; explicitFileType = undefined; fileEncoding = 9; includeInIndex = 0; lastKnownFileType = unknown; name = "Rubik-Medium.ttf"; path = "../assets/fonts/Rubik-Medium.ttf"; sourceTree = "<group>"; };
		9013D4A22DAB4F179506FD30 /* Poppins-Medium.ttf */ = {isa = PBXFileReference; explicitFileType = undefined; fileEncoding = 9; includeInIndex = 0; lastKnownFileType = unknown; name = "Poppins-Medium.ttf"; path = "../assets/fonts/Poppins-Medium.ttf"; sourceTree = "<group>"; };
		923CFBEB8779AE11EA635FAF /* Pods-Khawla-tvOS.release.xcconfig */ = {isa = PBXFileReference; includeInIndex = 1; lastKnownFileType = text.xcconfig; name = "Pods-Khawla-tvOS.release.xcconfig"; path = "Target Support Files/Pods-Khawla-tvOS/Pods-Khawla-tvOS.release.xcconfig"; sourceTree = "<group>"; };
		9D221F213ECBA0DAE2FF0F8F /* Pods-Khawla-tvOSTests.debug.xcconfig */ = {isa = PBXFileReference; includeInIndex = 1; lastKnownFileType = text.xcconfig; name = "Pods-Khawla-tvOSTests.debug.xcconfig"; path = "Target Support Files/Pods-Khawla-tvOSTests/Pods-Khawla-tvOSTests.debug.xcconfig"; sourceTree = "<group>"; };
		9E85A0CB0B7E42E39D9760BB /* FontAwesome.ttf */ = {isa = PBXFileReference; explicitFileType = undefined; fileEncoding = 9; includeInIndex = 0; lastKnownFileType = unknown; name = FontAwesome.ttf; path = "../node_modules/react-native-vector-icons/Fonts/FontAwesome.ttf"; sourceTree = "<group>"; };
		A00F5AEF378246D790BF13AD /* Cairo-SemiBold.ttf */ = {isa = PBXFileReference; explicitFileType = undefined; fileEncoding = 9; includeInIndex = 0; lastKnownFileType = unknown; name = "Cairo-SemiBold.ttf"; path = "../assets/fonts/Cairo-SemiBold.ttf"; sourceTree = "<group>"; };
		A1A106E072944A1B9AE31BDA /* Muli.ttf */ = {isa = PBXFileReference; explicitFileType = undefined; fileEncoding = 9; includeInIndex = 0; lastKnownFileType = unknown; name = Muli.ttf; path = ../assets/fonts/Muli.ttf; sourceTree = "<group>"; };
		A3A1EAC99F6C41BDB5F126AF /* Ionicons.ttf */ = {isa = PBXFileReference; explicitFileType = undefined; fileEncoding = 9; includeInIndex = 0; lastKnownFileType = unknown; name = Ionicons.ttf; path = "../node_modules/react-native-vector-icons/Fonts/Ionicons.ttf"; sourceTree = "<group>"; };
		A4CC1E3A93A3B7BF7B1D84DD /* libPods-Khawla.a */ = {isa = PBXFileReference; explicitFileType = archive.ar; includeInIndex = 0; path = "libPods-Khawla.a"; sourceTree = BUILT_PRODUCTS_DIR; };
		A97E01F8B280990A1D7552E4 /* Pods-KhawlaTests.release.xcconfig */ = {isa = PBXFileReference; includeInIndex = 1; lastKnownFileType = text.xcconfig; name = "Pods-KhawlaTests.release.xcconfig"; path = "Target Support Files/Pods-KhawlaTests/Pods-KhawlaTests.release.xcconfig"; sourceTree = "<group>"; };
		AC74DEC8E4994FE0A3999136 /* Mirza-Medium.ttf */ = {isa = PBXFileReference; explicitFileType = undefined; fileEncoding = 9; includeInIndex = 0; lastKnownFileType = unknown; name = "Mirza-Medium.ttf"; path = "../assets/fonts/Mirza-Medium.ttf"; sourceTree = "<group>"; };
		AD3964D9F84B423E9881BB69 /* Raleway-Medium.ttf */ = {isa = PBXFileReference; explicitFileType = undefined; fileEncoding = 9; includeInIndex = 0; lastKnownFileType = unknown; name = "Raleway-Medium.ttf"; path = "../assets/fonts/Raleway-Medium.ttf"; sourceTree = "<group>"; };
		B518BAB64EBF41C8912433E9 /* Zocial.ttf */ = {isa = PBXFileReference; explicitFileType = undefined; fileEncoding = 9; includeInIndex = 0; lastKnownFileType = unknown; name = Zocial.ttf; path = "../node_modules/react-native-vector-icons/Fonts/Zocial.ttf"; sourceTree = "<group>"; };
		BBDD36D71DDA4482AC99C7F4 /* Fontisto.ttf */ = {isa = PBXFileReference; explicitFileType = undefined; fileEncoding = 9; includeInIndex = 0; lastKnownFileType = unknown; name = Fontisto.ttf; path = "../node_modules/react-native-vector-icons/Fonts/Fontisto.ttf"; sourceTree = "<group>"; };
		BC837505EEF1424B814F22E4 /* Muli-VariableFont:wght.ttf */ = {isa = PBXFileReference; explicitFileType = undefined; fileEncoding = 9; includeInIndex = 0; lastKnownFileType = unknown; name = "Muli-VariableFont:wght.ttf"; path = "../assets/fonts/Muli-VariableFont:wght.ttf"; sourceTree = "<group>"; };
		BEBCF4C9EB354C2A8737BA0B /* calibrib.ttf */ = {isa = PBXFileReference; explicitFileType = undefined; fileEncoding = 9; includeInIndex = 0; lastKnownFileType = unknown; name = calibrib.ttf; path = ../assets/fonts/calibrib.ttf; sourceTree = "<group>"; };
		BF0FC24157F140DB858DBE91 /* EvilIcons.ttf */ = {isa = PBXFileReference; explicitFileType = undefined; fileEncoding = 9; includeInIndex = 0; lastKnownFileType = unknown; name = EvilIcons.ttf; path = "../node_modules/react-native-vector-icons/Fonts/EvilIcons.ttf"; sourceTree = "<group>"; };
		C32ECEADDC344E51920FF38A /* MaterialCommunityIcons.ttf */ = {isa = PBXFileReference; explicitFileType = undefined; fileEncoding = 9; includeInIndex = 0; lastKnownFileType = unknown; name = MaterialCommunityIcons.ttf; path = "../node_modules/react-native-vector-icons/Fonts/MaterialCommunityIcons.ttf"; sourceTree = "<group>"; };
		CE0380D224B0E80200DADC1F /* Khawla-tvOSRelease.entitlements */ = {isa = PBXFileReference; lastKnownFileType = text.plist.entitlements; name = "Khawla-tvOSRelease.entitlements"; path = "Khawla-tvOS/Khawla-tvOSRelease.entitlements"; sourceTree = "<group>"; };
		CE0F773623ED25D400F11603 /* Khawla FoundationRelease.entitlements */ = {isa = PBXFileReference; lastKnownFileType = text.plist.entitlements; name = "Khawla FoundationRelease.entitlements"; path = "Khawla/Khawla FoundationRelease.entitlements"; sourceTree = "<group>"; };
		CE0F773723ED261F00F11603 /* CloudKit.framework */ = {isa = PBXFileReference; lastKnownFileType = wrapper.framework; name = CloudKit.framework; path = System/Library/Frameworks/CloudKit.framework; sourceTree = SDKROOT; };
		CE2DEA6023D7142D008F74CD /* AirbnbCereal-Medium.ttf */ = {isa = PBXFileReference; lastKnownFileType = file; name = "AirbnbCereal-Medium.ttf"; path = "../../../../Downloads/Font_Cereal/AirbnbCereal-Medium.ttf"; sourceTree = "<group>"; };
		CE2DEA6223D71470008F74CD /* AirbnbCereal-Medium.ttf */ = {isa = PBXFileReference; lastKnownFileType = file; path = "AirbnbCereal-Medium.ttf"; sourceTree = "<group>"; };
		CE3497F72407FB35002F453F /* GoogleService-Info.plist */ = {isa = PBXFileReference; fileEncoding = 4; lastKnownFileType = text.plist.xml; path = "GoogleService-Info.plist"; sourceTree = "<group>"; };
		CE4F9FA924B2F951007B6146 /* NetworkExtension.framework */ = {isa = PBXFileReference; lastKnownFileType = wrapper.framework; name = NetworkExtension.framework; path = System/Library/Frameworks/NetworkExtension.framework; sourceTree = SDKROOT; };
		CE4F9FAB24B2FC6F007B6146 /* Khawla Foundation.entitlements */ = {isa = PBXFileReference; lastKnownFileType = text.plist.entitlements; name = "Khawla Foundation.entitlements"; path = "Khawla/Khawla Foundation.entitlements"; sourceTree = "<group>"; };
		CE5D74D623D7111300F7667B /* Rubik-Medium.ttf */ = {isa = PBXFileReference; lastKnownFileType = file; path = "Rubik-Medium.ttf"; sourceTree = "<group>"; };
		CE5D74D723D7111300F7667B /* AirbnbCereal-Medium.ttf */ = {isa = PBXFileReference; lastKnownFileType = file; path = "AirbnbCereal-Medium.ttf"; sourceTree = "<group>"; };
		CECC634C23E5A79A00BB653D /* AirGoogleMaps */ = {isa = PBXFileReference; lastKnownFileType = folder; path = AirGoogleMaps; sourceTree = "<group>"; };
		CEE51537247458DF000FBBE7 /* Base */ = {isa = PBXFileReference; lastKnownFileType = file.xib; name = Base; path = Khawla/Base.lproj/LaunchScreen.xib; sourceTree = "<group>"; };
		D424B323020B4E2D915415A9 /* Entypo.ttf */ = {isa = PBXFileReference; explicitFileType = undefined; fileEncoding = 9; includeInIndex = 0; lastKnownFileType = unknown; name = Entypo.ttf; path = "../node_modules/react-native-vector-icons/Fonts/Entypo.ttf"; sourceTree = "<group>"; };
		D61C3DB3B591D64317C1D617 /* Pods-Khawla-tvOS.debug.xcconfig */ = {isa = PBXFileReference; includeInIndex = 1; lastKnownFileType = text.xcconfig; name = "Pods-Khawla-tvOS.debug.xcconfig"; path = "Target Support Files/Pods-Khawla-tvOS/Pods-Khawla-tvOS.debug.xcconfig"; sourceTree = "<group>"; };
		E037E95785214538906FC8B4 /* Foundation.ttf */ = {isa = PBXFileReference; explicitFileType = undefined; fileEncoding = 9; includeInIndex = 0; lastKnownFileType = unknown; name = Foundation.ttf; path = "../node_modules/react-native-vector-icons/Fonts/Foundation.ttf"; sourceTree = "<group>"; };
		E3F00F2E2CB4444581BA6BFC /* FontAwesome5_Regular.ttf */ = {isa = PBXFileReference; explicitFileType = undefined; fileEncoding = 9; includeInIndex = 0; lastKnownFileType = unknown; name = FontAwesome5_Regular.ttf; path = "../node_modules/react-native-vector-icons/Fonts/FontAwesome5_Regular.ttf"; sourceTree = "<group>"; };
		E7050F8B2EB24C9593625BBB /* Rubik-Medium copy.ttf */ = {isa = PBXFileReference; explicitFileType = undefined; fileEncoding = 9; includeInIndex = 0; lastKnownFileType = unknown; name = "Rubik-Medium copy.ttf"; path = "../assets/fonts/Rubik-Medium copy.ttf"; sourceTree = "<group>"; };
		EB9F1B61565B4FBE8E0B9AF6 /* Muli-Regular.ttf */ = {isa = PBXFileReference; explicitFileType = undefined; fileEncoding = 9; includeInIndex = 0; lastKnownFileType = unknown; name = "Muli-Regular.ttf"; path = "../assets/fonts/Muli-Regular.ttf"; sourceTree = "<group>"; };
		ED297162215061F000B7C4FE /* JavaScriptCore.framework */ = {isa = PBXFileReference; lastKnownFileType = wrapper.framework; name = JavaScriptCore.framework; path = System/Library/Frameworks/JavaScriptCore.framework; sourceTree = SDKROOT; };
		ED2971642150620600B7C4FE /* JavaScriptCore.framework */ = {isa = PBXFileReference; lastKnownFileType = wrapper.framework; name = JavaScriptCore.framework; path = Platforms/AppleTVOS.platform/Developer/SDKs/AppleTVOS12.0.sdk/System/Library/Frameworks/JavaScriptCore.framework; sourceTree = DEVELOPER_DIR; };
		F37693CED87246929D61B1D3 /* Rubik-Regular.ttf */ = {isa = PBXFileReference; explicitFileType = undefined; fileEncoding = 9; includeInIndex = 0; lastKnownFileType = unknown; name = "Rubik-Regular.ttf"; path = "../assets/fonts/Rubik-Regular.ttf"; sourceTree = "<group>"; };
		F7A25AF5A89660C784A013D4 /* Pods-Khawla-tvOSTests.release.xcconfig */ = {isa = PBXFileReference; includeInIndex = 1; lastKnownFileType = text.xcconfig; name = "Pods-Khawla-tvOSTests.release.xcconfig"; path = "Target Support Files/Pods-Khawla-tvOSTests/Pods-Khawla-tvOSTests.release.xcconfig"; sourceTree = "<group>"; };
/* End PBXFileReference section */

/* Begin PBXFrameworksBuildPhase section */
		00E356EB1AD99517003FC87E /* Frameworks */ = {
			isa = PBXFrameworksBuildPhase;
			buildActionMask = 2147483647;
			files = (
				8B273E7AE0038AE122B8C86B /* libPods-KhawlaTests.a in Frameworks */,
			);
			runOnlyForDeploymentPostprocessing = 0;
		};
		13B07F8C1A680F5B00A75B9A /* Frameworks */ = {
			isa = PBXFrameworksBuildPhase;
			buildActionMask = 2147483647;
			files = (
				CE0F773823ED261F00F11603 /* CloudKit.framework in Frameworks */,
				CE4F9FAA24B2F951007B6146 /* NetworkExtension.framework in Frameworks */,
				F17D22B3B4A993CCAAE539D4 /* libPods-Khawla.a in Frameworks */,
			);
			runOnlyForDeploymentPostprocessing = 0;
		};
/* End PBXFrameworksBuildPhase section */

/* Begin PBXGroup section */
		00E356EF1AD99517003FC87E /* KhawlaTests */ = {
			isa = PBXGroup;
			children = (
				00E356F21AD99517003FC87E /* KhawlaTests.m */,
				00E356F01AD99517003FC87E /* Supporting Files */,
			);
			path = KhawlaTests;
			sourceTree = "<group>";
		};
		00E356F01AD99517003FC87E /* Supporting Files */ = {
			isa = PBXGroup;
			children = (
				00E356F11AD99517003FC87E /* Info.plist */,
			);
			name = "Supporting Files";
			sourceTree = "<group>";
		};
		13B07FAE1A68108700A75B9A /* Khawla */ = {
			isa = PBXGroup;
			children = (
				CE4F9FAB24B2FC6F007B6146 /* Khawla Foundation.entitlements */,
				CEE51536247458DF000FBBE7 /* LaunchScreen.xib */,
				CE3497F72407FB35002F453F /* GoogleService-Info.plist */,
				CE0F773623ED25D400F11603 /* Khawla FoundationRelease.entitlements */,
				008F07F21AC5B25A0029DE68 /* main.jsbundle */,
				13B07FAF1A68108700A75B9A /* AppDelegate.h */,
				13B07FB01A68108700A75B9A /* AppDelegate.m */,
				13B07FB51A68108700A75B9A /* Images.xcassets */,
				13B07FB61A68108700A75B9A /* Info.plist */,
				13B07FB71A68108700A75B9A /* main.m */,
			);
			name = Khawla;
			sourceTree = "<group>";
		};
		2D16E6871FA4F8E400B85C8A /* Frameworks */ = {
			isa = PBXGroup;
			children = (
				CE4F9FA924B2F951007B6146 /* NetworkExtension.framework */,
				CE0F773723ED261F00F11603 /* CloudKit.framework */,
				ED297162215061F000B7C4FE /* JavaScriptCore.framework */,
				ED2971642150620600B7C4FE /* JavaScriptCore.framework */,
				A4CC1E3A93A3B7BF7B1D84DD /* libPods-Khawla.a */,
				5BAB9498F2878892CA325AC9 /* libPods-Khawla-tvOS.a */,
				38147F3F5C61A34791785ED0 /* libPods-Khawla-tvOSTests.a */,
				3B5C3FB9C3B5CE982C21E54B /* libPods-KhawlaTests.a */,
			);
			name = Frameworks;
			sourceTree = "<group>";
		};
		5AAEC1521240F5068FB91AE6 /* Pods */ = {
			isa = PBXGroup;
			children = (
				16E0B72E1633D79A2BE68F0C /* Pods-Khawla.debug.xcconfig */,
				4539EC1AA4533F1C75CB72E8 /* Pods-Khawla.release.xcconfig */,
				D61C3DB3B591D64317C1D617 /* Pods-Khawla-tvOS.debug.xcconfig */,
				923CFBEB8779AE11EA635FAF /* Pods-Khawla-tvOS.release.xcconfig */,
				0B2A847FB17E129CA23D0106 /* Pods-KhawlaTests.debug.xcconfig */,
				A97E01F8B280990A1D7552E4 /* Pods-KhawlaTests.release.xcconfig */,
				9D221F213ECBA0DAE2FF0F8F /* Pods-Khawla-tvOSTests.debug.xcconfig */,
				F7A25AF5A89660C784A013D4 /* Pods-Khawla-tvOSTests.release.xcconfig */,
			);
			path = Pods;
			sourceTree = "<group>";
		};
		832341AE1AAA6A7D00B99B32 /* Libraries */ = {
			isa = PBXGroup;
			children = (
			);
			name = Libraries;
			sourceTree = "<group>";
		};
		83CBB9F61A601CBA00E9B192 = {
			isa = PBXGroup;
			children = (
				8494860E2531DF390077BDC7 /* File.swift */,
				CE0380D224B0E80200DADC1F /* Khawla-tvOSRelease.entitlements */,
				CECC634C23E5A79A00BB653D /* AirGoogleMaps */,
				CE5D74D723D7111300F7667B /* AirbnbCereal-Medium.ttf */,
				CE2DEA6023D7142D008F74CD /* AirbnbCereal-Medium.ttf */,
				CE2DEA6223D71470008F74CD /* AirbnbCereal-Medium.ttf */,
				CE5D74D623D7111300F7667B /* Rubik-Medium.ttf */,
				13B07FAE1A68108700A75B9A /* Khawla */,
				832341AE1AAA6A7D00B99B32 /* Libraries */,
				00E356EF1AD99517003FC87E /* KhawlaTests */,
				83CBBA001A601CBA00E9B192 /* Products */,
				2D16E6871FA4F8E400B85C8A /* Frameworks */,
				5AAEC1521240F5068FB91AE6 /* Pods */,
				9CBD0BB46EEE4B979D2FD95E /* Resources */,
				8494860D2531DF390077BDC7 /* Khawla-Bridging-Header.h */,
			);
			indentWidth = 2;
			sourceTree = "<group>";
			tabWidth = 2;
			usesTabs = 0;
		};
		83CBBA001A601CBA00E9B192 /* Products */ = {
			isa = PBXGroup;
			children = (
				13B07F961A680F5B00A75B9A /* Khawla Foundation.app */,
				00E356EE1AD99517003FC87E /* KhawlaTests.xctest */,
			);
			name = Products;
			sourceTree = "<group>";
		};
		9CBD0BB46EEE4B979D2FD95E /* Resources */ = {
			isa = PBXGroup;
			children = (
				54BF148EE10B4B4AB66B7AD9 /* AntDesign.ttf */,
				D424B323020B4E2D915415A9 /* Entypo.ttf */,
				BF0FC24157F140DB858DBE91 /* EvilIcons.ttf */,
				5D0421F5FA884C1D95CF1A0D /* Feather.ttf */,
				9E85A0CB0B7E42E39D9760BB /* FontAwesome.ttf */,
				762D767123384815B7570F5C /* FontAwesome5_Brands.ttf */,
				E3F00F2E2CB4444581BA6BFC /* FontAwesome5_Regular.ttf */,
				719C1867983549B0B9616EA4 /* FontAwesome5_Solid.ttf */,
				BBDD36D71DDA4482AC99C7F4 /* Fontisto.ttf */,
				E037E95785214538906FC8B4 /* Foundation.ttf */,
				A3A1EAC99F6C41BDB5F126AF /* Ionicons.ttf */,
				C32ECEADDC344E51920FF38A /* MaterialCommunityIcons.ttf */,
				3317F40A26C34595B10DF695 /* MaterialIcons.ttf */,
				447FAEDCA3084E738DD0807A /* Octicons.ttf */,
				4263A5FCEE0143D4872DA7D5 /* SimpleLineIcons.ttf */,
				B518BAB64EBF41C8912433E9 /* Zocial.ttf */,
				7C2BED8C76EC4E21A5165154 /* AirbnbCereal-Medium.ttf */,
				8FC9BA930CEE402ABA01D0C0 /* Rubik-Medium.ttf */,
				67E8E412A2904AA381AC894A /* AirbnbCereal-Book.ttf */,
				BC837505EEF1424B814F22E4 /* Muli-VariableFont:wght.ttf */,
				A1A106E072944A1B9AE31BDA /* Muli.ttf */,
				8146A0C2FF6E40EBA1AE423F /* Muli-Medium.ttf */,
				AD3964D9F84B423E9881BB69 /* Raleway-Medium.ttf */,
				AC74DEC8E4994FE0A3999136 /* Mirza-Medium.ttf */,
				61C88A15746941AB91802BB7 /* Calibri.ttf */,
				BEBCF4C9EB354C2A8737BA0B /* calibrib.ttf */,
				41FBC6FB2908481B85D92769 /* Muli-Bold.ttf */,
				4DBB0F7BCAC14F3985AB3573 /* Muli-ExtraBold.ttf */,
				EB9F1B61565B4FBE8E0B9AF6 /* Muli-Regular.ttf */,
				0F4ADDE6BB1247C89B8FACDD /* Rubik-Bold.ttf */,
				75C4E7EABC4D4784B605C9F8 /* Rubik-Light.ttf */,
				E7050F8B2EB24C9593625BBB /* Rubik-Medium copy.ttf */,
				F37693CED87246929D61B1D3 /* Rubik-Regular.ttf */,
				9013D4A22DAB4F179506FD30 /* Poppins-Medium.ttf */,
				369F3E3536384D669433C55E /* Poppins-SemiBold.ttf */,
				5B1890E7010949B482C08F2E /* Cairo-Black.ttf */,
				09B18CFFBAAF48CEA7809B0B /* Cairo-Bold.ttf */,
				84241CA9B67C4B818106D5A1 /* Cairo-ExtraLight.ttf */,
				7A08B30426B74531BDED6783 /* Cairo-Light.ttf */,
				3DEFFAF92CF94D20B49A2BAE /* Cairo-Regular.ttf */,
				A00F5AEF378246D790BF13AD /* Cairo-SemiBold.ttf */,
			);
			name = Resources;
			sourceTree = "<group>";
		};
/* End PBXGroup section */

/* Begin PBXNativeTarget section */
		00E356ED1AD99517003FC87E /* KhawlaTests */ = {
			isa = PBXNativeTarget;
			buildConfigurationList = 00E357021AD99517003FC87E /* Build configuration list for PBXNativeTarget "KhawlaTests" */;
			buildPhases = (
				C2717F8B77F61193AF4A39CE /* [CP] Check Pods Manifest.lock */,
				00E356EA1AD99517003FC87E /* Sources */,
				00E356EB1AD99517003FC87E /* Frameworks */,
				00E356EC1AD99517003FC87E /* Resources */,
			);
			buildRules = (
			);
			dependencies = (
				00E356F51AD99517003FC87E /* PBXTargetDependency */,
			);
			name = KhawlaTests;
			productName = KhawlaTests;
			productReference = 00E356EE1AD99517003FC87E /* KhawlaTests.xctest */;
			productType = "com.apple.product-type.bundle.unit-test";
		};
		13B07F861A680F5B00A75B9A /* Khawla */ = {
			isa = PBXNativeTarget;
			buildConfigurationList = 13B07F931A680F5B00A75B9A /* Build configuration list for PBXNativeTarget "Khawla" */;
			buildPhases = (
				899660E8842A8A791D3D53FB /* [CP] Check Pods Manifest.lock */,
				FD10A7F022414F080027D42C /* Start Packager */,
				13B07F871A680F5B00A75B9A /* Sources */,
				13B07F8C1A680F5B00A75B9A /* Frameworks */,
				13B07F8E1A680F5B00A75B9A /* Resources */,
				00DD1BFF1BD5951E006B06BC /* Bundle React Native code and images */,
				C5C0D1AF4E1C853568057938 /* [CP] Copy Pods Resources */,
			);
			buildRules = (
			);
			dependencies = (
			);
			name = Khawla;
			productName = Khawla;
			productReference = 13B07F961A680F5B00A75B9A /* Khawla Foundation.app */;
			productType = "com.apple.product-type.application";
		};
/* End PBXNativeTarget section */

/* Begin PBXProject section */
		83CBB9F71A601CBA00E9B192 /* Project object */ = {
			isa = PBXProject;
			attributes = {
				LastUpgradeCheck = 1120;
				ORGANIZATIONNAME = Facebook;
				TargetAttributes = {
					00E356ED1AD99517003FC87E = {
						CreatedOnToolsVersion = 6.2;
						DevelopmentTeam = ZK97HXBNS6;
						TestTargetID = 13B07F861A680F5B00A75B9A;
					};
					13B07F861A680F5B00A75B9A = {
						DevelopmentTeam = ZK97HXBNS6;
						LastSwiftMigration = 1130;
						ProvisioningStyle = Automatic;
					};
				};
			};
			buildConfigurationList = 83CBB9FA1A601CBA00E9B192 /* Build configuration list for PBXProject "Khawla" */;
			compatibilityVersion = "Xcode 3.2";
			developmentRegion = English;
			hasScannedForEncodings = 0;
			knownRegions = (
				English,
				en,
				Base,
			);
			mainGroup = 83CBB9F61A601CBA00E9B192;
			productRefGroup = 83CBBA001A601CBA00E9B192 /* Products */;
			projectDirPath = "";
			projectRoot = "";
			targets = (
				13B07F861A680F5B00A75B9A /* Khawla */,
				00E356ED1AD99517003FC87E /* KhawlaTests */,
			);
		};
/* End PBXProject section */

/* Begin PBXResourcesBuildPhase section */
		00E356EC1AD99517003FC87E /* Resources */ = {
			isa = PBXResourcesBuildPhase;
			buildActionMask = 2147483647;
			files = (
			);
			runOnlyForDeploymentPostprocessing = 0;
		};
		13B07F8E1A680F5B00A75B9A /* Resources */ = {
			isa = PBXResourcesBuildPhase;
			buildActionMask = 2147483647;
			files = (
				CE2DEA6323D71470008F74CD /* AirbnbCereal-Medium.ttf in Resources */,
				CE3497F82407FB36002F453F /* GoogleService-Info.plist in Resources */,
				CE5D74D823D7111300F7667B /* Rubik-Medium.ttf in Resources */,
				CEFEFC1A23EA80060067F6DB /* Images.xcassets in Resources */,
				491EF0ED571D44B0B3D5A2DC /* Muli.ttf in Resources */,
				CECC634D23E5A79A00BB653D /* AirGoogleMaps in Resources */,
				CA448D8157EF4A03B196A5A4 /* Muli-Medium.ttf in Resources */,
				FD7D35F8F793473F848E5213 /* Raleway-Medium.ttf in Resources */,
				CE87957F9805432A86BDAD0D /* Mirza-Medium.ttf in Resources */,
				89953FE706AE411A82FB5848 /* Calibri.ttf in Resources */,
				8BDF6C4F38DD4637ABDD6289 /* calibrib.ttf in Resources */,
				BA8C617734AB4392AC1FD553 /* Muli-Bold.ttf in Resources */,
				F8B87B45D5424C2680A96DD3 /* Muli-ExtraBold.ttf in Resources */,
				CEE51538247458DF000FBBE7 /* LaunchScreen.xib in Resources */,
				71B9B6C67E6C4744A98C100A /* Muli-Regular.ttf in Resources */,
				885F10FF2B0A4522AABE4466 /* Rubik-Bold.ttf in Resources */,
				085C083274A24743A51113B5 /* Rubik-Light.ttf in Resources */,
				DAD5EF0C4BF3426E8D7B1E43 /* Rubik-Medium copy.ttf in Resources */,
				B4A7855F147D439CB47915B7 /* Rubik-Regular.ttf in Resources */,
				F1DD5DB80D624EEA8E35B822 /* Poppins-Medium.ttf in Resources */,
				0290FCFBB03F4C5BA7F586FF /* Poppins-SemiBold.ttf in Resources */,
				468171567DDA4E97B30E2783 /* Cairo-Black.ttf in Resources */,
				91D1DC19B55F47C6905FFC7E /* Cairo-Bold.ttf in Resources */,
				3F79121FF485489D8D80C643 /* Cairo-ExtraLight.ttf in Resources */,
				9BE754696AA44C50BF24CE29 /* Cairo-Light.ttf in Resources */,
				603F05921AF5424583ABB770 /* Cairo-Regular.ttf in Resources */,
				F7501251CBCF430585AD8544 /* Cairo-SemiBold.ttf in Resources */,
			);
			runOnlyForDeploymentPostprocessing = 0;
		};
/* End PBXResourcesBuildPhase section */

/* Begin PBXShellScriptBuildPhase section */
		00DD1BFF1BD5951E006B06BC /* Bundle React Native code and images */ = {
			isa = PBXShellScriptBuildPhase;
			buildActionMask = 2147483647;
			files = (
			);
			inputPaths = (
			);
			name = "Bundle React Native code and images";
			outputPaths = (
			);
			runOnlyForDeploymentPostprocessing = 0;
			shellPath = /bin/sh;
			shellScript = "export NODE_BINARY=node\n../node_modules/react-native/scripts/react-native-xcode.sh\n";
		};
		899660E8842A8A791D3D53FB /* [CP] Check Pods Manifest.lock */ = {
			isa = PBXShellScriptBuildPhase;
			buildActionMask = 2147483647;
			files = (
			);
			inputFileListPaths = (
			);
			inputPaths = (
				"${PODS_PODFILE_DIR_PATH}/Podfile.lock",
				"${PODS_ROOT}/Manifest.lock",
			);
			name = "[CP] Check Pods Manifest.lock";
			outputFileListPaths = (
			);
			outputPaths = (
				"$(DERIVED_FILE_DIR)/Pods-Khawla-checkManifestLockResult.txt",
			);
			runOnlyForDeploymentPostprocessing = 0;
			shellPath = /bin/sh;
			shellScript = "diff \"${PODS_PODFILE_DIR_PATH}/Podfile.lock\" \"${PODS_ROOT}/Manifest.lock\" > /dev/null\nif [ $? != 0 ] ; then\n    # print error to STDERR\n    echo \"error: The sandbox is not in sync with the Podfile.lock. Run 'pod install' or update your CocoaPods installation.\" >&2\n    exit 1\nfi\n# This output is used by Xcode 'outputs' to avoid re-running this script phase.\necho \"SUCCESS\" > \"${SCRIPT_OUTPUT_FILE_0}\"\n";
			showEnvVarsInLog = 0;
		};
		C2717F8B77F61193AF4A39CE /* [CP] Check Pods Manifest.lock */ = {
			isa = PBXShellScriptBuildPhase;
			buildActionMask = 2147483647;
			files = (
			);
			inputFileListPaths = (
			);
			inputPaths = (
				"${PODS_PODFILE_DIR_PATH}/Podfile.lock",
				"${PODS_ROOT}/Manifest.lock",
			);
			name = "[CP] Check Pods Manifest.lock";
			outputFileListPaths = (
			);
			outputPaths = (
				"$(DERIVED_FILE_DIR)/Pods-KhawlaTests-checkManifestLockResult.txt",
			);
			runOnlyForDeploymentPostprocessing = 0;
			shellPath = /bin/sh;
			shellScript = "diff \"${PODS_PODFILE_DIR_PATH}/Podfile.lock\" \"${PODS_ROOT}/Manifest.lock\" > /dev/null\nif [ $? != 0 ] ; then\n    # print error to STDERR\n    echo \"error: The sandbox is not in sync with the Podfile.lock. Run 'pod install' or update your CocoaPods installation.\" >&2\n    exit 1\nfi\n# This output is used by Xcode 'outputs' to avoid re-running this script phase.\necho \"SUCCESS\" > \"${SCRIPT_OUTPUT_FILE_0}\"\n";
			showEnvVarsInLog = 0;
		};
		C5C0D1AF4E1C853568057938 /* [CP] Copy Pods Resources */ = {
			isa = PBXShellScriptBuildPhase;
			buildActionMask = 2147483647;
			files = (
			);
			inputPaths = (
				"${PODS_ROOT}/Target Support Files/Pods-Khawla/Pods-Khawla-resources.sh",
				"${PODS_ROOT}/FBSDKCoreKit/FacebookSDKStrings.bundle",
				"${PODS_ROOT}/GoogleMaps/Maps/Frameworks/GoogleMaps.framework/Resources/GoogleMaps.bundle",
				"${PODS_ROOT}/GoogleSignIn/Resources/GoogleSignIn.bundle",
				"${PODS_CONFIGURATION_BUILD_DIR}/RNImageCropPicker/QBImagePicker.bundle",
				"${PODS_ROOT}/../../node_modules/react-native-vector-icons/Fonts/AntDesign.ttf",
				"${PODS_ROOT}/../../node_modules/react-native-vector-icons/Fonts/Entypo.ttf",
				"${PODS_ROOT}/../../node_modules/react-native-vector-icons/Fonts/EvilIcons.ttf",
				"${PODS_ROOT}/../../node_modules/react-native-vector-icons/Fonts/Feather.ttf",
				"${PODS_ROOT}/../../node_modules/react-native-vector-icons/Fonts/FontAwesome.ttf",
				"${PODS_ROOT}/../../node_modules/react-native-vector-icons/Fonts/FontAwesome5_Brands.ttf",
				"${PODS_ROOT}/../../node_modules/react-native-vector-icons/Fonts/FontAwesome5_Regular.ttf",
				"${PODS_ROOT}/../../node_modules/react-native-vector-icons/Fonts/FontAwesome5_Solid.ttf",
				"${PODS_ROOT}/../../node_modules/react-native-vector-icons/Fonts/Fontisto.ttf",
				"${PODS_ROOT}/../../node_modules/react-native-vector-icons/Fonts/Foundation.ttf",
				"${PODS_ROOT}/../../node_modules/react-native-vector-icons/Fonts/Ionicons.ttf",
				"${PODS_ROOT}/../../node_modules/react-native-vector-icons/Fonts/MaterialCommunityIcons.ttf",
				"${PODS_ROOT}/../../node_modules/react-native-vector-icons/Fonts/MaterialIcons.ttf",
				"${PODS_ROOT}/../../node_modules/react-native-vector-icons/Fonts/Octicons.ttf",
				"${PODS_ROOT}/../../node_modules/react-native-vector-icons/Fonts/SimpleLineIcons.ttf",
				"${PODS_ROOT}/../../node_modules/react-native-vector-icons/Fonts/Zocial.ttf",
				"${PODS_ROOT}/RSKImageCropper/RSKImageCropper/RSKImageCropperStrings.bundle",
			);
			name = "[CP] Copy Pods Resources";
			outputPaths = (
				"${TARGET_BUILD_DIR}/${UNLOCALIZED_RESOURCES_FOLDER_PATH}/FacebookSDKStrings.bundle",
				"${TARGET_BUILD_DIR}/${UNLOCALIZED_RESOURCES_FOLDER_PATH}/GoogleMaps.bundle",
				"${TARGET_BUILD_DIR}/${UNLOCALIZED_RESOURCES_FOLDER_PATH}/GoogleSignIn.bundle",
				"${TARGET_BUILD_DIR}/${UNLOCALIZED_RESOURCES_FOLDER_PATH}/QBImagePicker.bundle",
				"${TARGET_BUILD_DIR}/${UNLOCALIZED_RESOURCES_FOLDER_PATH}/AntDesign.ttf",
				"${TARGET_BUILD_DIR}/${UNLOCALIZED_RESOURCES_FOLDER_PATH}/Entypo.ttf",
				"${TARGET_BUILD_DIR}/${UNLOCALIZED_RESOURCES_FOLDER_PATH}/EvilIcons.ttf",
				"${TARGET_BUILD_DIR}/${UNLOCALIZED_RESOURCES_FOLDER_PATH}/Feather.ttf",
				"${TARGET_BUILD_DIR}/${UNLOCALIZED_RESOURCES_FOLDER_PATH}/FontAwesome.ttf",
				"${TARGET_BUILD_DIR}/${UNLOCALIZED_RESOURCES_FOLDER_PATH}/FontAwesome5_Brands.ttf",
				"${TARGET_BUILD_DIR}/${UNLOCALIZED_RESOURCES_FOLDER_PATH}/FontAwesome5_Regular.ttf",
				"${TARGET_BUILD_DIR}/${UNLOCALIZED_RESOURCES_FOLDER_PATH}/FontAwesome5_Solid.ttf",
				"${TARGET_BUILD_DIR}/${UNLOCALIZED_RESOURCES_FOLDER_PATH}/Fontisto.ttf",
				"${TARGET_BUILD_DIR}/${UNLOCALIZED_RESOURCES_FOLDER_PATH}/Foundation.ttf",
				"${TARGET_BUILD_DIR}/${UNLOCALIZED_RESOURCES_FOLDER_PATH}/Ionicons.ttf",
				"${TARGET_BUILD_DIR}/${UNLOCALIZED_RESOURCES_FOLDER_PATH}/MaterialCommunityIcons.ttf",
				"${TARGET_BUILD_DIR}/${UNLOCALIZED_RESOURCES_FOLDER_PATH}/MaterialIcons.ttf",
				"${TARGET_BUILD_DIR}/${UNLOCALIZED_RESOURCES_FOLDER_PATH}/Octicons.ttf",
				"${TARGET_BUILD_DIR}/${UNLOCALIZED_RESOURCES_FOLDER_PATH}/SimpleLineIcons.ttf",
				"${TARGET_BUILD_DIR}/${UNLOCALIZED_RESOURCES_FOLDER_PATH}/Zocial.ttf",
				"${TARGET_BUILD_DIR}/${UNLOCALIZED_RESOURCES_FOLDER_PATH}/RSKImageCropperStrings.bundle",
			);
			runOnlyForDeploymentPostprocessing = 0;
			shellPath = /bin/sh;
			shellScript = "\"${PODS_ROOT}/Target Support Files/Pods-Khawla/Pods-Khawla-resources.sh\"\n";
			showEnvVarsInLog = 0;
		};
		FD10A7F022414F080027D42C /* Start Packager */ = {
			isa = PBXShellScriptBuildPhase;
			buildActionMask = 2147483647;
			files = (
			);
			inputFileListPaths = (
			);
			inputPaths = (
			);
			name = "Start Packager";
			outputFileListPaths = (
			);
			outputPaths = (
			);
			runOnlyForDeploymentPostprocessing = 0;
			shellPath = /bin/sh;
			shellScript = "export RCT_METRO_PORT=\"${RCT_METRO_PORT:=8081}\"\necho \"export RCT_METRO_PORT=${RCT_METRO_PORT}\" > \"${SRCROOT}/../node_modules/react-native/scripts/.packager.env\"\nif [ -z \"${RCT_NO_LAUNCH_PACKAGER+xxx}\" ] ; then\n  if nc -w 5 -z localhost ${RCT_METRO_PORT} ; then\n    if ! curl -s \"http://localhost:${RCT_METRO_PORT}/status\" | grep -q \"packager-status:running\" ; then\n      echo \"Port ${RCT_METRO_PORT} already in use, packager is either not running or not running correctly\"\n      exit 2\n    fi\n  else\n    open \"$SRCROOT/../node_modules/react-native/scripts/launchPackager.command\" || echo \"Can't start packager automatically\"\n  fi\nfi\n";
			showEnvVarsInLog = 0;
		};
/* End PBXShellScriptBuildPhase section */

/* Begin PBXSourcesBuildPhase section */
		00E356EA1AD99517003FC87E /* Sources */ = {
			isa = PBXSourcesBuildPhase;
			buildActionMask = 2147483647;
			files = (
				00E356F31AD99517003FC87E /* KhawlaTests.m in Sources */,
			);
			runOnlyForDeploymentPostprocessing = 0;
		};
		13B07F871A680F5B00A75B9A /* Sources */ = {
			isa = PBXSourcesBuildPhase;
			buildActionMask = 2147483647;
			files = (
				13B07FBC1A68108700A75B9A /* AppDelegate.m in Sources */,
				8494860F2531DF390077BDC7 /* File.swift in Sources */,
				13B07FC11A68108700A75B9A /* main.m in Sources */,
			);
			runOnlyForDeploymentPostprocessing = 0;
		};
/* End PBXSourcesBuildPhase section */

/* Begin PBXTargetDependency section */
		00E356F51AD99517003FC87E /* PBXTargetDependency */ = {
			isa = PBXTargetDependency;
			target = 13B07F861A680F5B00A75B9A /* Khawla */;
			targetProxy = 00E356F41AD99517003FC87E /* PBXContainerItemProxy */;
		};
/* End PBXTargetDependency section */

/* Begin PBXVariantGroup section */
		CEE51536247458DF000FBBE7 /* LaunchScreen.xib */ = {
			isa = PBXVariantGroup;
			children = (
				CEE51537247458DF000FBBE7 /* Base */,
			);
			name = LaunchScreen.xib;
			sourceTree = "<group>";
		};
/* End PBXVariantGroup section */

/* Begin XCBuildConfiguration section */
		00E356F61AD99517003FC87E /* Debug */ = {
			isa = XCBuildConfiguration;
			baseConfigurationReference = 0B2A847FB17E129CA23D0106 /* Pods-KhawlaTests.debug.xcconfig */;
			buildSettings = {
				ALWAYS_EMBED_SWIFT_STANDARD_LIBRARIES = YES;
				BUNDLE_LOADER = "$(TEST_HOST)";
				DEVELOPMENT_TEAM = ZK97HXBNS6;
				GCC_PREPROCESSOR_DEFINITIONS = (
					"DEBUG=1",
					"$(inherited)",
				);
				INFOPLIST_FILE = KhawlaTests/Info.plist;
				IPHONEOS_DEPLOYMENT_TARGET = 9.0;
				LD_RUNPATH_SEARCH_PATHS = "$(inherited) @executable_path/Frameworks @loader_path/Frameworks";
				OTHER_LDFLAGS = (
					"-ObjC",
					"-lc++",
					"$(inherited)",
				);
				PRODUCT_BUNDLE_IDENTIFIER = "org.reactjs.native.example.$(PRODUCT_NAME:rfc1034identifier)";
				PRODUCT_NAME = "$(TARGET_NAME)";
				TEST_HOST = "$(BUILT_PRODUCTS_DIR)/Khawla Foundation.app/Khawla Foundation";
			};
			name = Debug;
		};
		00E356F71AD99517003FC87E /* Release */ = {
			isa = XCBuildConfiguration;
			baseConfigurationReference = A97E01F8B280990A1D7552E4 /* Pods-KhawlaTests.release.xcconfig */;
			buildSettings = {
				ALWAYS_EMBED_SWIFT_STANDARD_LIBRARIES = YES;
				BUNDLE_LOADER = "$(TEST_HOST)";
				COPY_PHASE_STRIP = NO;
				DEVELOPMENT_TEAM = ZK97HXBNS6;
				INFOPLIST_FILE = KhawlaTests/Info.plist;
				IPHONEOS_DEPLOYMENT_TARGET = 9.0;
				LD_RUNPATH_SEARCH_PATHS = "$(inherited) @executable_path/Frameworks @loader_path/Frameworks";
				OTHER_LDFLAGS = (
					"-ObjC",
					"-lc++",
					"$(inherited)",
				);
				PRODUCT_BUNDLE_IDENTIFIER = "org.reactjs.native.example.$(PRODUCT_NAME:rfc1034identifier)";
				PRODUCT_NAME = "$(TARGET_NAME)";
				TEST_HOST = "$(BUILT_PRODUCTS_DIR)/Khawla Foundation.app/Khawla Foundation";
			};
			name = Release;
		};
		13B07F941A680F5B00A75B9A /* Debug */ = {
			isa = XCBuildConfiguration;
			baseConfigurationReference = 16E0B72E1633D79A2BE68F0C /* Pods-Khawla.debug.xcconfig */;
			buildSettings = {
				ASSETCATALOG_COMPILER_APPICON_NAME = AppIcon;
				ASSETCATALOG_COMPILER_INCLUDE_ALL_APPICON_ASSETS = YES;
				CLANG_ENABLE_MODULES = YES;
				CODE_SIGN_ENTITLEMENTS = "Khawla/Khawla Foundation.entitlements";
				CODE_SIGN_IDENTITY = "Apple Development";
				CODE_SIGN_STYLE = Automatic;
				CURRENT_PROJECT_VERSION = 1.0;
				DEAD_CODE_STRIPPING = NO;
				DEVELOPMENT_TEAM = ZK97HXBNS6;
				"EXCLUDED_ARCHS[sdk=*]" = arm64;
				HEADER_SEARCH_PATHS = (
					"$(inherited)",
					"\"${PODS_ROOT}/Headers/Public\"",
					"\"${PODS_ROOT}/Headers/Public/BVLinearGradient\"",
					"\"${PODS_ROOT}/Headers/Public/DoubleConversion\"",
					"\"${PODS_ROOT}/Headers/Public/FBLazyVector\"",
					"\"${PODS_ROOT}/Headers/Public/FBReactNativeSpec\"",
					"\"${PODS_ROOT}/Headers/Public/Firebase\"",
					"\"${PODS_ROOT}/Headers/Public/FirebaseAnalyticsInterop\"",
					"\"${PODS_ROOT}/Headers/Public/FirebaseCore\"",
					"\"${PODS_ROOT}/Headers/Public/FirebaseCoreDiagnostics\"",
					"\"${PODS_ROOT}/Headers/Public/FirebaseCoreDiagnosticsInterop\"",
					"\"${PODS_ROOT}/Headers/Public/FirebaseInstanceID\"",
					"\"${PODS_ROOT}/Headers/Public/FirebaseMessaging\"",
					"\"${PODS_ROOT}/Headers/Public/Google-Maps-iOS-Utils\"",
					"\"${PODS_ROOT}/Headers/Public/GoogleDataTransport\"",
					"\"${PODS_ROOT}/Headers/Public/GoogleDataTransportCCTSupport\"",
					"\"${PODS_ROOT}/Headers/Public/GoogleUtilities\"",
					"\"${PODS_ROOT}/Headers/Public/Protobuf\"",
					"\"${PODS_ROOT}/Headers/Public/RCTRequired\"",
					"\"${PODS_ROOT}/Headers/Public/RCTTypeSafety\"",
					"\"${PODS_ROOT}/Headers/Public/RNCAsyncStorage\"",
					"\"${PODS_ROOT}/Headers/Public/RNCMaskedView\"",
					"\"${PODS_ROOT}/Headers/Public/RNGestureHandler\"",
					"\"${PODS_ROOT}/Headers/Public/RNI18n\"",
					"\"${PODS_ROOT}/Headers/Public/RNReanimated\"",
					"\"${PODS_ROOT}/Headers/Public/RNVectorIcons\"",
					"\"${PODS_ROOT}/Headers/Public/React-Core\"",
					"\"${PODS_ROOT}/Headers/Public/React-RCTBlob\"",
					"\"${PODS_ROOT}/Headers/Public/React-RCTText\"",
					"\"${PODS_ROOT}/Headers/Public/React-cxxreact\"",
					"\"${PODS_ROOT}/Headers/Public/React-jsi\"",
					"\"${PODS_ROOT}/Headers/Public/React-jsiexecutor\"",
					"\"${PODS_ROOT}/Headers/Public/React-jsinspector\"",
					"\"${PODS_ROOT}/Headers/Public/ReactCommon\"",
					"\"${PODS_ROOT}/Headers/Public/Yoga\"",
					"\"${PODS_ROOT}/Headers/Public/glog\"",
					"\"${PODS_ROOT}/Headers/Public/nanopb\"",
					"\"${PODS_ROOT}/Headers/Public/react-native-document-picker\"",
					"\"${PODS_ROOT}/Headers/Public/react-native-google-maps\"",
					"\"${PODS_ROOT}/Headers/Public/react-native-image-picker\"",
					"\"${PODS_ROOT}/Headers/Public/react-native-maps\"",
					"\"${PODS_ROOT}/Headers/Public/react-native-safe-area-context\"",
					"\"${PODS_ROOT}/Headers/Public/react-native-video\"",
					"$(inherited)",
					"${PODS_ROOT}/Firebase/CoreOnly/Sources",
					"\"$(PODS_ROOT)/Headers/Private/React-Core\"",
					"$(SRCROOT)/../node_modules/react-native-firebase/ios/RNFirebase/messaging",
					"\"$(SRCROOT)/../node_modules/react-native-firebase/ios/RNFirebase\"",
					"\"$(SRCROOT)/../node_modules/react-native-firebase/ios/RNFirebase/messaging\"",
				);
				INFOPLIST_FILE = Khawla/Info.plist;
				IPHONEOS_DEPLOYMENT_TARGET = 11.0;
				LD_RUNPATH_SEARCH_PATHS = "$(inherited) @executable_path/Frameworks";
				MARKETING_VERSION = 7.5;
				PRODUCT_BUNDLE_IDENTIFIER = org.evillage.khawlafoundation;
				PRODUCT_NAME = "Khawla Foundation";
				PROVISIONING_PROFILE_SPECIFIER = "";
				SWIFT_INCLUDE_PATHS = "$(inherited) \"${PODS_CONFIGURATION_BUILD_DIR}/FBSDKCoreKit\" \"${PODS_CONFIGURATION_BUILD_DIR}/FBSDKLoginKit\" \"${PODS_CONFIGURATION_BUILD_DIR}/FBSDKShareKit\" \"${PODS_CONFIGURATION_BUILD_DIR}/YogaKit\" \"${PODS_CONFIGURATION_BUILD_DIR}/lottie-ios\" \"${PODS_CONFIGURATION_BUILD_DIR}/lottie-react-native\"";
				SWIFT_OBJC_BRIDGING_HEADER = "Khawla-Bridging-Header.h";
				SWIFT_OPTIMIZATION_LEVEL = "-Onone";
				SWIFT_VERSION = 5.0;
				TARGETED_DEVICE_FAMILY = "1,2";
				VERSIONING_SYSTEM = "apple-generic";
			};
			name = Debug;
		};
		13B07F951A680F5B00A75B9A /* Release */ = {
			isa = XCBuildConfiguration;
			baseConfigurationReference = 4539EC1AA4533F1C75CB72E8 /* Pods-Khawla.release.xcconfig */;
			buildSettings = {
				ASSETCATALOG_COMPILER_APPICON_NAME = AppIcon;
				ASSETCATALOG_COMPILER_INCLUDE_ALL_APPICON_ASSETS = YES;
				CLANG_ENABLE_MODULES = YES;
				CODE_SIGN_ENTITLEMENTS = "Khawla/Khawla FoundationRelease.entitlements";
				CODE_SIGN_IDENTITY = "Apple Development";
				"CODE_SIGN_IDENTITY[sdk=iphoneos*]" = "Apple Development";
				CODE_SIGN_STYLE = Automatic;
				CURRENT_PROJECT_VERSION = 1.0;
				DEVELOPMENT_TEAM = ZK97HXBNS6;
				HEADER_SEARCH_PATHS = (
					"$(inherited)",
					"\"${PODS_ROOT}/Headers/Public\"",
					"\"${PODS_ROOT}/Headers/Public/BVLinearGradient\"",
					"\"${PODS_ROOT}/Headers/Public/DoubleConversion\"",
					"\"${PODS_ROOT}/Headers/Public/FBLazyVector\"",
					"\"${PODS_ROOT}/Headers/Public/FBReactNativeSpec\"",
					"\"${PODS_ROOT}/Headers/Public/Firebase\"",
					"\"${PODS_ROOT}/Headers/Public/FirebaseAnalyticsInterop\"",
					"\"${PODS_ROOT}/Headers/Public/FirebaseCore\"",
					"\"${PODS_ROOT}/Headers/Public/FirebaseCoreDiagnostics\"",
					"\"${PODS_ROOT}/Headers/Public/FirebaseCoreDiagnosticsInterop\"",
					"\"${PODS_ROOT}/Headers/Public/FirebaseInstanceID\"",
					"\"${PODS_ROOT}/Headers/Public/FirebaseMessaging\"",
					"\"${PODS_ROOT}/Headers/Public/Google-Maps-iOS-Utils\"",
					"\"${PODS_ROOT}/Headers/Public/GoogleDataTransport\"",
					"\"${PODS_ROOT}/Headers/Public/GoogleDataTransportCCTSupport\"",
					"\"${PODS_ROOT}/Headers/Public/GoogleUtilities\"",
					"\"${PODS_ROOT}/Headers/Public/Protobuf\"",
					"\"${PODS_ROOT}/Headers/Public/RCTRequired\"",
					"\"${PODS_ROOT}/Headers/Public/RCTTypeSafety\"",
					"\"${PODS_ROOT}/Headers/Public/RNCAsyncStorage\"",
					"\"${PODS_ROOT}/Headers/Public/RNCMaskedView\"",
					"\"${PODS_ROOT}/Headers/Public/RNGestureHandler\"",
					"\"${PODS_ROOT}/Headers/Public/RNI18n\"",
					"\"${PODS_ROOT}/Headers/Public/RNReanimated\"",
					"\"${PODS_ROOT}/Headers/Public/RNVectorIcons\"",
					"\"${PODS_ROOT}/Headers/Public/React-Core\"",
					"\"${PODS_ROOT}/Headers/Public/React-RCTBlob\"",
					"\"${PODS_ROOT}/Headers/Public/React-RCTText\"",
					"\"${PODS_ROOT}/Headers/Public/React-cxxreact\"",
					"\"${PODS_ROOT}/Headers/Public/React-jsi\"",
					"\"${PODS_ROOT}/Headers/Public/React-jsiexecutor\"",
					"\"${PODS_ROOT}/Headers/Public/React-jsinspector\"",
					"\"${PODS_ROOT}/Headers/Public/ReactCommon\"",
					"\"${PODS_ROOT}/Headers/Public/Yoga\"",
					"\"${PODS_ROOT}/Headers/Public/glog\"",
					"\"${PODS_ROOT}/Headers/Public/nanopb\"",
					"\"${PODS_ROOT}/Headers/Public/react-native-document-picker\"",
					"\"${PODS_ROOT}/Headers/Public/react-native-google-maps\"",
					"\"${PODS_ROOT}/Headers/Public/react-native-image-picker\"",
					"\"${PODS_ROOT}/Headers/Public/react-native-maps\"",
					"\"${PODS_ROOT}/Headers/Public/react-native-safe-area-context\"",
					"\"${PODS_ROOT}/Headers/Public/react-native-video\"",
					"$(inherited)",
					"${PODS_ROOT}/Firebase/CoreOnly/Sources",
					"\"$(PODS_ROOT)/Headers/Private/React-Core\"",
					"$(SRCROOT)/../node_modules/react-native-firebase/ios/RNFirebase/messaging",
					"\"$(SRCROOT)/../node_modules/react-native-firebase/ios/RNFirebase\"",
					"\"$(SRCROOT)/../node_modules/react-native-firebase/ios/RNFirebase/messaging\"",
				);
				INFOPLIST_FILE = Khawla/Info.plist;
				IPHONEOS_DEPLOYMENT_TARGET = 11.0;
				LD_RUNPATH_SEARCH_PATHS = "$(inherited) @executable_path/Frameworks";
				MARKETING_VERSION = 7.5;
				PRODUCT_BUNDLE_IDENTIFIER = org.evillage.khawlafoundation;
				PRODUCT_NAME = "Khawla Foundation";
				PROVISIONING_PROFILE_SPECIFIER = "";
				SWIFT_INCLUDE_PATHS = "$(inherited) \"${PODS_CONFIGURATION_BUILD_DIR}/FBSDKCoreKit\" \"${PODS_CONFIGURATION_BUILD_DIR}/FBSDKLoginKit\" \"${PODS_CONFIGURATION_BUILD_DIR}/FBSDKShareKit\" \"${PODS_CONFIGURATION_BUILD_DIR}/YogaKit\" \"${PODS_CONFIGURATION_BUILD_DIR}/lottie-ios\" \"${PODS_CONFIGURATION_BUILD_DIR}/lottie-react-native\"";
				SWIFT_OBJC_BRIDGING_HEADER = "Khawla-Bridging-Header.h";
				SWIFT_VERSION = 5.0;
				TARGETED_DEVICE_FAMILY = "1,2";
				VERSIONING_SYSTEM = "apple-generic";
			};
			name = Release;
		};
		83CBBA201A601CBA00E9B192 /* Debug */ = {
			isa = XCBuildConfiguration;
			buildSettings = {
				ALWAYS_SEARCH_USER_PATHS = NO;
				CLANG_ANALYZER_LOCALIZABILITY_NONLOCALIZED = YES;
				CLANG_CXX_LANGUAGE_STANDARD = "gnu++0x";
				CLANG_CXX_LIBRARY = "libc++";
				CLANG_ENABLE_MODULES = YES;
				CLANG_ENABLE_OBJC_ARC = YES;
				CLANG_WARN_BLOCK_CAPTURE_AUTORELEASING = YES;
				CLANG_WARN_BOOL_CONVERSION = YES;
				CLANG_WARN_COMMA = YES;
				CLANG_WARN_CONSTANT_CONVERSION = YES;
				CLANG_WARN_DEPRECATED_OBJC_IMPLEMENTATIONS = YES;
				CLANG_WARN_DIRECT_OBJC_ISA_USAGE = YES_ERROR;
				CLANG_WARN_EMPTY_BODY = YES;
				CLANG_WARN_ENUM_CONVERSION = YES;
				CLANG_WARN_INFINITE_RECURSION = YES;
				CLANG_WARN_INT_CONVERSION = YES;
				CLANG_WARN_NON_LITERAL_NULL_CONVERSION = YES;
				CLANG_WARN_OBJC_IMPLICIT_RETAIN_SELF = YES;
				CLANG_WARN_OBJC_LITERAL_CONVERSION = YES;
				CLANG_WARN_OBJC_ROOT_CLASS = YES_ERROR;
				CLANG_WARN_RANGE_LOOP_ANALYSIS = YES;
				CLANG_WARN_STRICT_PROTOTYPES = YES;
				CLANG_WARN_SUSPICIOUS_MOVE = YES;
				CLANG_WARN_UNREACHABLE_CODE = YES;
				CLANG_WARN__DUPLICATE_METHOD_MATCH = YES;
				"CODE_SIGN_IDENTITY[sdk=iphoneos*]" = "iPhone Developer";
				COPY_PHASE_STRIP = NO;
				ENABLE_STRICT_OBJC_MSGSEND = YES;
				ENABLE_TESTABILITY = YES;
				GCC_C_LANGUAGE_STANDARD = gnu99;
				GCC_DYNAMIC_NO_PIC = NO;
				GCC_NO_COMMON_BLOCKS = YES;
				GCC_OPTIMIZATION_LEVEL = 0;
				GCC_PREPROCESSOR_DEFINITIONS = (
					"DEBUG=1",
					"$(inherited)",
				);
				GCC_SYMBOLS_PRIVATE_EXTERN = NO;
				GCC_WARN_64_TO_32_BIT_CONVERSION = YES;
				GCC_WARN_ABOUT_RETURN_TYPE = YES_ERROR;
				GCC_WARN_UNDECLARED_SELECTOR = YES;
				GCC_WARN_UNINITIALIZED_AUTOS = YES_AGGRESSIVE;
				GCC_WARN_UNUSED_FUNCTION = YES;
				GCC_WARN_UNUSED_VARIABLE = YES;
				IPHONEOS_DEPLOYMENT_TARGET = 9.0;
				MTL_ENABLE_DEBUG_INFO = YES;
				ONLY_ACTIVE_ARCH = YES;
				SDKROOT = iphoneos;
			};
			name = Debug;
		};
		83CBBA211A601CBA00E9B192 /* Release */ = {
			isa = XCBuildConfiguration;
			buildSettings = {
				ALWAYS_SEARCH_USER_PATHS = NO;
				CLANG_ANALYZER_LOCALIZABILITY_NONLOCALIZED = YES;
				CLANG_CXX_LANGUAGE_STANDARD = "gnu++0x";
				CLANG_CXX_LIBRARY = "libc++";
				CLANG_ENABLE_MODULES = YES;
				CLANG_ENABLE_OBJC_ARC = YES;
				CLANG_WARN_BLOCK_CAPTURE_AUTORELEASING = YES;
				CLANG_WARN_BOOL_CONVERSION = YES;
				CLANG_WARN_COMMA = YES;
				CLANG_WARN_CONSTANT_CONVERSION = YES;
				CLANG_WARN_DEPRECATED_OBJC_IMPLEMENTATIONS = YES;
				CLANG_WARN_DIRECT_OBJC_ISA_USAGE = YES_ERROR;
				CLANG_WARN_EMPTY_BODY = YES;
				CLANG_WARN_ENUM_CONVERSION = YES;
				CLANG_WARN_INFINITE_RECURSION = YES;
				CLANG_WARN_INT_CONVERSION = YES;
				CLANG_WARN_NON_LITERAL_NULL_CONVERSION = YES;
				CLANG_WARN_OBJC_IMPLICIT_RETAIN_SELF = YES;
				CLANG_WARN_OBJC_LITERAL_CONVERSION = YES;
				CLANG_WARN_OBJC_ROOT_CLASS = YES_ERROR;
				CLANG_WARN_RANGE_LOOP_ANALYSIS = YES;
				CLANG_WARN_STRICT_PROTOTYPES = YES;
				CLANG_WARN_SUSPICIOUS_MOVE = YES;
				CLANG_WARN_UNREACHABLE_CODE = YES;
				CLANG_WARN__DUPLICATE_METHOD_MATCH = YES;
				"CODE_SIGN_IDENTITY[sdk=iphoneos*]" = "iPhone Developer";
				COPY_PHASE_STRIP = YES;
				ENABLE_NS_ASSERTIONS = NO;
				ENABLE_STRICT_OBJC_MSGSEND = YES;
				GCC_C_LANGUAGE_STANDARD = gnu99;
				GCC_NO_COMMON_BLOCKS = YES;
				GCC_WARN_64_TO_32_BIT_CONVERSION = YES;
				GCC_WARN_ABOUT_RETURN_TYPE = YES_ERROR;
				GCC_WARN_UNDECLARED_SELECTOR = YES;
				GCC_WARN_UNINITIALIZED_AUTOS = YES_AGGRESSIVE;
				GCC_WARN_UNUSED_FUNCTION = YES;
				GCC_WARN_UNUSED_VARIABLE = YES;
				IPHONEOS_DEPLOYMENT_TARGET = 9.0;
				MTL_ENABLE_DEBUG_INFO = NO;
				SDKROOT = iphoneos;
				VALIDATE_PRODUCT = YES;
			};
			name = Release;
		};
/* End XCBuildConfiguration section */

/* Begin XCConfigurationList section */
		00E357021AD99517003FC87E /* Build configuration list for PBXNativeTarget "KhawlaTests" */ = {
			isa = XCConfigurationList;
			buildConfigurations = (
				00E356F61AD99517003FC87E /* Debug */,
				00E356F71AD99517003FC87E /* Release */,
			);
			defaultConfigurationIsVisible = 0;
			defaultConfigurationName = Release;
		};
		13B07F931A680F5B00A75B9A /* Build configuration list for PBXNativeTarget "Khawla" */ = {
			isa = XCConfigurationList;
			buildConfigurations = (
				13B07F941A680F5B00A75B9A /* Debug */,
				13B07F951A680F5B00A75B9A /* Release */,
			);
			defaultConfigurationIsVisible = 0;
			defaultConfigurationName = Release;
		};
		83CBB9FA1A601CBA00E9B192 /* Build configuration list for PBXProject "Khawla" */ = {
			isa = XCConfigurationList;
			buildConfigurations = (
				83CBBA201A601CBA00E9B192 /* Debug */,
				83CBBA211A601CBA00E9B192 /* Release */,
			);
			defaultConfigurationIsVisible = 0;
			defaultConfigurationName = Release;
		};
/* End XCConfigurationList section */
	};
	rootObject = 83CBB9F71A601CBA00E9B192 /* Project object */;
}
